// !$*UTF8*$!
{
	archiveVersion = 1;
	classes = {
	};
	objectVersion = 48;
	objects = {

/* Begin PBXBuildFile section */
		F9DBFE32207E1186006A2CF0 /* AppDelegate.swift in Sources */ = {isa = PBXBuildFile; fileRef = F9DBFE31207E1186006A2CF0 /* AppDelegate.swift */; };
		F9DBFE37207E1186006A2CF0 /* Main.storyboard in Resources */ = {isa = PBXBuildFile; fileRef = F9DBFE35207E1186006A2CF0 /* Main.storyboard */; };
		F9DBFE39207E1186006A2CF0 /* Assets.xcassets in Resources */ = {isa = PBXBuildFile; fileRef = F9DBFE38207E1186006A2CF0 /* Assets.xcassets */; };
		F9DBFE3C207E1186006A2CF0 /* LaunchScreen.storyboard in Resources */ = {isa = PBXBuildFile; fileRef = F9DBFE3A207E1186006A2CF0 /* LaunchScreen.storyboard */; };
		F9DBFE44207E120A006A2CF0 /* MainTableViewController.swift in Sources */ = {isa = PBXBuildFile; fileRef = F9DBFE43207E120A006A2CF0 /* MainTableViewController.swift */; };
		F9DBFE4C207E12B7006A2CF0 /* NavigationController.swift in Sources */ = {isa = PBXBuildFile; fileRef = F9DBFE4B207E12B7006A2CF0 /* NavigationController.swift */; };
		F9DBFE51207E1398006A2CF0 /* SimplePing.m in Sources */ = {isa = PBXBuildFile; fileRef = F9DBFE4F207E1398006A2CF0 /* SimplePing.m */; };
		F9DBFE54207E1405006A2CF0 /* PingService.swift in Sources */ = {isa = PBXBuildFile; fileRef = F9DBFE53207E1405006A2CF0 /* PingService.swift */; };
		F9DBFE57207E14BD006A2CF0 /* Result.swift in Sources */ = {isa = PBXBuildFile; fileRef = F9DBFE56207E14BD006A2CF0 /* Result.swift */; };
		F9DBFE5F207E1587006A2CF0 /* PingServiceTests.swift in Sources */ = {isa = PBXBuildFile; fileRef = F9DBFE5E207E1587006A2CF0 /* PingServiceTests.swift */; };
/* End PBXBuildFile section */

/* Begin PBXContainerItemProxy section */
		F9DBFE61207E1587006A2CF0 /* PBXContainerItemProxy */ = {
			isa = PBXContainerItemProxy;
			containerPortal = F9DBFE26207E1186006A2CF0 /* Project object */;
			proxyType = 1;
			remoteGlobalIDString = F9DBFE2D207E1186006A2CF0;
			remoteInfo = PingLatency;
		};
/* End PBXContainerItemProxy section */

/* Begin PBXFileReference section */
		F9DBFE2E207E1186006A2CF0 /* PingLatency.app */ = {isa = PBXFileReference; explicitFileType = wrapper.application; includeInIndex = 0; path = PingLatency.app; sourceTree = BUILT_PRODUCTS_DIR; };
		F9DBFE31207E1186006A2CF0 /* AppDelegate.swift */ = {isa = PBXFileReference; lastKnownFileType = sourcecode.swift; path = AppDelegate.swift; sourceTree = "<group>"; };
		F9DBFE36207E1186006A2CF0 /* Base */ = {isa = PBXFileReference; lastKnownFileType = file.storyboard; name = Base; path = Base.lproj/Main.storyboard; sourceTree = "<group>"; };
		F9DBFE38207E1186006A2CF0 /* Assets.xcassets */ = {isa = PBXFileReference; lastKnownFileType = folder.assetcatalog; path = Assets.xcassets; sourceTree = "<group>"; };
		F9DBFE3B207E1186006A2CF0 /* Base */ = {isa = PBXFileReference; lastKnownFileType = file.storyboard; name = Base; path = Base.lproj/LaunchScreen.storyboard; sourceTree = "<group>"; };
		F9DBFE3D207E1186006A2CF0 /* Info.plist */ = {isa = PBXFileReference; lastKnownFileType = text.plist.xml; path = Info.plist; sourceTree = "<group>"; };
		F9DBFE43207E120A006A2CF0 /* MainTableViewController.swift */ = {isa = PBXFileReference; lastKnownFileType = sourcecode.swift; path = MainTableViewController.swift; sourceTree = "<group>"; };
		F9DBFE4B207E12B7006A2CF0 /* NavigationController.swift */ = {isa = PBXFileReference; lastKnownFileType = sourcecode.swift; path = NavigationController.swift; sourceTree = "<group>"; };
		F9DBFE4E207E1397006A2CF0 /* PingLatency-Bridging-Header.h */ = {isa = PBXFileReference; lastKnownFileType = sourcecode.c.h; path = "PingLatency-Bridging-Header.h"; sourceTree = "<group>"; };
		F9DBFE4F207E1398006A2CF0 /* SimplePing.m */ = {isa = PBXFileReference; fileEncoding = 4; lastKnownFileType = sourcecode.c.objc; path = SimplePing.m; sourceTree = "<group>"; };
		F9DBFE50207E1398006A2CF0 /* SimplePing.h */ = {isa = PBXFileReference; fileEncoding = 4; lastKnownFileType = sourcecode.c.h; path = SimplePing.h; sourceTree = "<group>"; };
		F9DBFE53207E1405006A2CF0 /* PingService.swift */ = {isa = PBXFileReference; lastKnownFileType = sourcecode.swift; path = PingService.swift; sourceTree = "<group>"; };
		F9DBFE56207E14BD006A2CF0 /* Result.swift */ = {isa = PBXFileReference; lastKnownFileType = sourcecode.swift; path = Result.swift; sourceTree = "<group>"; };
		F9DBFE5C207E1586006A2CF0 /* PingServiceTests.xctest */ = {isa = PBXFileReference; explicitFileType = wrapper.cfbundle; includeInIndex = 0; path = PingServiceTests.xctest; sourceTree = BUILT_PRODUCTS_DIR; };
		F9DBFE5E207E1587006A2CF0 /* PingServiceTests.swift */ = {isa = PBXFileReference; lastKnownFileType = sourcecode.swift; path = PingServiceTests.swift; sourceTree = "<group>"; };
		F9DBFE60207E1587006A2CF0 /* Info.plist */ = {isa = PBXFileReference; lastKnownFileType = text.plist.xml; path = Info.plist; sourceTree = "<group>"; };
/* End PBXFileReference section */

/* Begin PBXFrameworksBuildPhase section */
		F9DBFE2B207E1186006A2CF0 /* Frameworks */ = {
			isa = PBXFrameworksBuildPhase;
			buildActionMask = 2147483647;
			files = (
			);
			runOnlyForDeploymentPostprocessing = 0;
		};
		F9DBFE59207E1586006A2CF0 /* Frameworks */ = {
			isa = PBXFrameworksBuildPhase;
			buildActionMask = 2147483647;
			files = (
			);
			runOnlyForDeploymentPostprocessing = 0;
		};
/* End PBXFrameworksBuildPhase section */

/* Begin PBXGroup section */
		F9DBFE25207E1185006A2CF0 = {
			isa = PBXGroup;
			children = (
				F9DBFE30207E1186006A2CF0 /* PingLatency */,
				F9DBFE5D207E1587006A2CF0 /* PingServiceTests */,
				F9DBFE2F207E1186006A2CF0 /* Products */,
			);
			sourceTree = "<group>";
		};
		F9DBFE2F207E1186006A2CF0 /* Products */ = {
			isa = PBXGroup;
			children = (
				F9DBFE2E207E1186006A2CF0 /* PingLatency.app */,
				F9DBFE5C207E1586006A2CF0 /* PingServiceTests.xctest */,
			);
			name = Products;
			sourceTree = "<group>";
		};
		F9DBFE30207E1186006A2CF0 /* PingLatency */ = {
			isa = PBXGroup;
			children = (
				F9DBFE49207E1269006A2CF0 /* Services */,
				F9DBFE48207E125C006A2CF0 /* Utility */,
				F9DBFE47207E123B006A2CF0 /* View */,
				F9DBFE45207E122A006A2CF0 /* Model */,
				F9DBFE46207E1232006A2CF0 /* ViewModel */,
			);
			path = PingLatency;
			sourceTree = "<group>";
		};
		F9DBFE45207E122A006A2CF0 /* Model */ = {
			isa = PBXGroup;
			children = (
			);
			path = Model;
			sourceTree = "<group>";
		};
		F9DBFE46207E1232006A2CF0 /* ViewModel */ = {
			isa = PBXGroup;
			children = (
			);
			path = ViewModel;
			sourceTree = "<group>";
		};
		F9DBFE47207E123B006A2CF0 /* View */ = {
			isa = PBXGroup;
			children = (
				F9DBFE4A207E1290006A2CF0 /* Assets */,
				F9DBFE43207E120A006A2CF0 /* MainTableViewController.swift */,
			);
			path = View;
			sourceTree = "<group>";
		};
		F9DBFE48207E125C006A2CF0 /* Utility */ = {
			isa = PBXGroup;
			children = (
				F9DBFE31207E1186006A2CF0 /* AppDelegate.swift */,
				F9DBFE3D207E1186006A2CF0 /* Info.plist */,
				F9DBFE4B207E12B7006A2CF0 /* NavigationController.swift */,
				F9DBFE4E207E1397006A2CF0 /* PingLatency-Bridging-Header.h */,
				F9DBFE56207E14BD006A2CF0 /* Result.swift */,
			);
			path = Utility;
			sourceTree = "<group>";
		};
		F9DBFE49207E1269006A2CF0 /* Services */ = {
			isa = PBXGroup;
			children = (
				F9DBFE4D207E1379006A2CF0 /* PingService */,
			);
			path = Services;
			sourceTree = "<group>";
		};
		F9DBFE4A207E1290006A2CF0 /* Assets */ = {
			isa = PBXGroup;
			children = (
				F9DBFE35207E1186006A2CF0 /* Main.storyboard */,
				F9DBFE38207E1186006A2CF0 /* Assets.xcassets */,
				F9DBFE3A207E1186006A2CF0 /* LaunchScreen.storyboard */,
			);
			path = Assets;
			sourceTree = "<group>";
		};
		F9DBFE4D207E1379006A2CF0 /* PingService */ = {
			isa = PBXGroup;
			children = (
				F9DBFE55207E144E006A2CF0 /* SimplePing */,
				F9DBFE53207E1405006A2CF0 /* PingService.swift */,
			);
			path = PingService;
			sourceTree = "<group>";
		};
		F9DBFE55207E144E006A2CF0 /* SimplePing */ = {
			isa = PBXGroup;
			children = (
				F9DBFE50207E1398006A2CF0 /* SimplePing.h */,
				F9DBFE4F207E1398006A2CF0 /* SimplePing.m */,
			);
			path = SimplePing;
			sourceTree = "<group>";
		};
		F9DBFE5D207E1587006A2CF0 /* PingServiceTests */ = {
			isa = PBXGroup;
			children = (
				F9DBFE5E207E1587006A2CF0 /* PingServiceTests.swift */,
				F9DBFE60207E1587006A2CF0 /* Info.plist */,
			);
			path = PingServiceTests;
			sourceTree = "<group>";
		};
/* End PBXGroup section */

/* Begin PBXNativeTarget section */
		F9DBFE2D207E1186006A2CF0 /* PingLatency */ = {
			isa = PBXNativeTarget;
			buildConfigurationList = F9DBFE40207E1186006A2CF0 /* Build configuration list for PBXNativeTarget "PingLatency" */;
			buildPhases = (
				F9DBFE2A207E1186006A2CF0 /* Sources */,
				F9DBFE2B207E1186006A2CF0 /* Frameworks */,
				F9DBFE2C207E1186006A2CF0 /* Resources */,
			);
			buildRules = (
			);
			dependencies = (
			);
			name = PingLatency;
			productName = PingLatency;
			productReference = F9DBFE2E207E1186006A2CF0 /* PingLatency.app */;
			productType = "com.apple.product-type.application";
		};
		F9DBFE5B207E1586006A2CF0 /* PingServiceTests */ = {
			isa = PBXNativeTarget;
			buildConfigurationList = F9DBFE63207E1587006A2CF0 /* Build configuration list for PBXNativeTarget "PingServiceTests" */;
			buildPhases = (
				F9DBFE58207E1586006A2CF0 /* Sources */,
				F9DBFE59207E1586006A2CF0 /* Frameworks */,
				F9DBFE5A207E1586006A2CF0 /* Resources */,
			);
			buildRules = (
			);
			dependencies = (
				F9DBFE62207E1587006A2CF0 /* PBXTargetDependency */,
			);
			name = PingServiceTests;
			productName = PingServiceTests;
			productReference = F9DBFE5C207E1586006A2CF0 /* PingServiceTests.xctest */;
			productType = "com.apple.product-type.bundle.unit-test";
		};
/* End PBXNativeTarget section */

/* Begin PBXProject section */
		F9DBFE26207E1186006A2CF0 /* Project object */ = {
			isa = PBXProject;
			attributes = {
				LastSwiftUpdateCheck = 0920;
				LastUpgradeCheck = 0920;
				ORGANIZATIONNAME = "Javid Sheikh";
				TargetAttributes = {
					F9DBFE2D207E1186006A2CF0 = {
						CreatedOnToolsVersion = 9.2;
						LastSwiftMigration = 0920;
						ProvisioningStyle = Automatic;
					};
					F9DBFE5B207E1586006A2CF0 = {
						CreatedOnToolsVersion = 9.2;
						ProvisioningStyle = Automatic;
						TestTargetID = F9DBFE2D207E1186006A2CF0;
					};
				};
			};
			buildConfigurationList = F9DBFE29207E1186006A2CF0 /* Build configuration list for PBXProject "PingLatency" */;
			compatibilityVersion = "Xcode 8.0";
			developmentRegion = en;
			hasScannedForEncodings = 0;
			knownRegions = (
				en,
				Base,
			);
			mainGroup = F9DBFE25207E1185006A2CF0;
			productRefGroup = F9DBFE2F207E1186006A2CF0 /* Products */;
			projectDirPath = "";
			projectRoot = "";
			targets = (
				F9DBFE2D207E1186006A2CF0 /* PingLatency */,
				F9DBFE5B207E1586006A2CF0 /* PingServiceTests */,
			);
		};
/* End PBXProject section */

/* Begin PBXResourcesBuildPhase section */
		F9DBFE2C207E1186006A2CF0 /* Resources */ = {
			isa = PBXResourcesBuildPhase;
			buildActionMask = 2147483647;
			files = (
				F9DBFE3C207E1186006A2CF0 /* LaunchScreen.storyboard in Resources */,
				F9DBFE39207E1186006A2CF0 /* Assets.xcassets in Resources */,
				F9DBFE37207E1186006A2CF0 /* Main.storyboard in Resources */,
			);
			runOnlyForDeploymentPostprocessing = 0;
		};
		F9DBFE5A207E1586006A2CF0 /* Resources */ = {
			isa = PBXResourcesBuildPhase;
			buildActionMask = 2147483647;
			files = (
			);
			runOnlyForDeploymentPostprocessing = 0;
		};
/* End PBXResourcesBuildPhase section */

/* Begin PBXSourcesBuildPhase section */
		F9DBFE2A207E1186006A2CF0 /* Sources */ = {
			isa = PBXSourcesBuildPhase;
			buildActionMask = 2147483647;
			files = (
				F9DBFE57207E14BD006A2CF0 /* Result.swift in Sources */,
				F9DBFE44207E120A006A2CF0 /* MainTableViewController.swift in Sources */,
				F9DBFE4C207E12B7006A2CF0 /* NavigationController.swift in Sources */,
				F9DBFE32207E1186006A2CF0 /* AppDelegate.swift in Sources */,
				F9DBFE51207E1398006A2CF0 /* SimplePing.m in Sources */,
				F9DBFE54207E1405006A2CF0 /* PingService.swift in Sources */,
			);
			runOnlyForDeploymentPostprocessing = 0;
		};
		F9DBFE58207E1586006A2CF0 /* Sources */ = {
			isa = PBXSourcesBuildPhase;
			buildActionMask = 2147483647;
			files = (
				F9DBFE5F207E1587006A2CF0 /* PingServiceTests.swift in Sources */,
			);
			runOnlyForDeploymentPostprocessing = 0;
		};
/* End PBXSourcesBuildPhase section */

/* Begin PBXTargetDependency section */
		F9DBFE62207E1587006A2CF0 /* PBXTargetDependency */ = {
			isa = PBXTargetDependency;
			target = F9DBFE2D207E1186006A2CF0 /* PingLatency */;
			targetProxy = F9DBFE61207E1587006A2CF0 /* PBXContainerItemProxy */;
		};
/* End PBXTargetDependency section */

/* Begin PBXVariantGroup section */
		F9DBFE35207E1186006A2CF0 /* Main.storyboard */ = {
			isa = PBXVariantGroup;
			children = (
				F9DBFE36207E1186006A2CF0 /* Base */,
			);
			name = Main.storyboard;
			sourceTree = "<group>";
		};
		F9DBFE3A207E1186006A2CF0 /* LaunchScreen.storyboard */ = {
			isa = PBXVariantGroup;
			children = (
				F9DBFE3B207E1186006A2CF0 /* Base */,
			);
			name = LaunchScreen.storyboard;
			sourceTree = "<group>";
		};
/* End PBXVariantGroup section */

/* Begin XCBuildConfiguration section */
		F9DBFE3E207E1186006A2CF0 /* Debug */ = {
			isa = XCBuildConfiguration;
			buildSettings = {
				ALWAYS_SEARCH_USER_PATHS = NO;
				CLANG_ANALYZER_NONNULL = YES;
				CLANG_ANALYZER_NUMBER_OBJECT_CONVERSION = YES_AGGRESSIVE;
				CLANG_CXX_LANGUAGE_STANDARD = "gnu++14";
				CLANG_CXX_LIBRARY = "libc++";
				CLANG_ENABLE_MODULES = YES;
				CLANG_ENABLE_OBJC_ARC = YES;
				CLANG_WARN_BLOCK_CAPTURE_AUTORELEASING = YES;
				CLANG_WARN_BOOL_CONVERSION = YES;
				CLANG_WARN_COMMA = YES;
				CLANG_WARN_CONSTANT_CONVERSION = YES;
				CLANG_WARN_DIRECT_OBJC_ISA_USAGE = YES_ERROR;
				CLANG_WARN_DOCUMENTATION_COMMENTS = YES;
				CLANG_WARN_EMPTY_BODY = YES;
				CLANG_WARN_ENUM_CONVERSION = YES;
				CLANG_WARN_INFINITE_RECURSION = YES;
				CLANG_WARN_INT_CONVERSION = YES;
				CLANG_WARN_NON_LITERAL_NULL_CONVERSION = YES;
				CLANG_WARN_OBJC_LITERAL_CONVERSION = YES;
				CLANG_WARN_OBJC_ROOT_CLASS = YES_ERROR;
				CLANG_WARN_RANGE_LOOP_ANALYSIS = YES;
				CLANG_WARN_STRICT_PROTOTYPES = YES;
				CLANG_WARN_SUSPICIOUS_MOVE = YES;
				CLANG_WARN_UNGUARDED_AVAILABILITY = YES_AGGRESSIVE;
				CLANG_WARN_UNREACHABLE_CODE = YES;
				CLANG_WARN__DUPLICATE_METHOD_MATCH = YES;
				CODE_SIGN_IDENTITY = "iPhone Developer";
				COPY_PHASE_STRIP = NO;
				DEBUG_INFORMATION_FORMAT = dwarf;
				ENABLE_STRICT_OBJC_MSGSEND = YES;
				ENABLE_TESTABILITY = YES;
				GCC_C_LANGUAGE_STANDARD = gnu11;
				GCC_DYNAMIC_NO_PIC = NO;
				GCC_NO_COMMON_BLOCKS = YES;
				GCC_OPTIMIZATION_LEVEL = 0;
				GCC_PREPROCESSOR_DEFINITIONS = (
					"DEBUG=1",
					"$(inherited)",
				);
				GCC_WARN_64_TO_32_BIT_CONVERSION = YES;
				GCC_WARN_ABOUT_RETURN_TYPE = YES_ERROR;
				GCC_WARN_UNDECLARED_SELECTOR = YES;
				GCC_WARN_UNINITIALIZED_AUTOS = YES_AGGRESSIVE;
				GCC_WARN_UNUSED_FUNCTION = YES;
				GCC_WARN_UNUSED_VARIABLE = YES;
				IPHONEOS_DEPLOYMENT_TARGET = 11.2;
				MTL_ENABLE_DEBUG_INFO = YES;
				ONLY_ACTIVE_ARCH = YES;
				SDKROOT = iphoneos;
				SWIFT_ACTIVE_COMPILATION_CONDITIONS = DEBUG;
				SWIFT_OPTIMIZATION_LEVEL = "-Onone";
			};
			name = Debug;
		};
		F9DBFE3F207E1186006A2CF0 /* Release */ = {
			isa = XCBuildConfiguration;
			buildSettings = {
				ALWAYS_SEARCH_USER_PATHS = NO;
				CLANG_ANALYZER_NONNULL = YES;
				CLANG_ANALYZER_NUMBER_OBJECT_CONVERSION = YES_AGGRESSIVE;
				CLANG_CXX_LANGUAGE_STANDARD = "gnu++14";
				CLANG_CXX_LIBRARY = "libc++";
				CLANG_ENABLE_MODULES = YES;
				CLANG_ENABLE_OBJC_ARC = YES;
				CLANG_WARN_BLOCK_CAPTURE_AUTORELEASING = YES;
				CLANG_WARN_BOOL_CONVERSION = YES;
				CLANG_WARN_COMMA = YES;
				CLANG_WARN_CONSTANT_CONVERSION = YES;
				CLANG_WARN_DIRECT_OBJC_ISA_USAGE = YES_ERROR;
				CLANG_WARN_DOCUMENTATION_COMMENTS = YES;
				CLANG_WARN_EMPTY_BODY = YES;
				CLANG_WARN_ENUM_CONVERSION = YES;
				CLANG_WARN_INFINITE_RECURSION = YES;
				CLANG_WARN_INT_CONVERSION = YES;
				CLANG_WARN_NON_LITERAL_NULL_CONVERSION = YES;
				CLANG_WARN_OBJC_LITERAL_CONVERSION = YES;
				CLANG_WARN_OBJC_ROOT_CLASS = YES_ERROR;
				CLANG_WARN_RANGE_LOOP_ANALYSIS = YES;
				CLANG_WARN_STRICT_PROTOTYPES = YES;
				CLANG_WARN_SUSPICIOUS_MOVE = YES;
				CLANG_WARN_UNGUARDED_AVAILABILITY = YES_AGGRESSIVE;
				CLANG_WARN_UNREACHABLE_CODE = YES;
				CLANG_WARN__DUPLICATE_METHOD_MATCH = YES;
				CODE_SIGN_IDENTITY = "iPhone Developer";
				COPY_PHASE_STRIP = NO;
				DEBUG_INFORMATION_FORMAT = "dwarf-with-dsym";
				ENABLE_NS_ASSERTIONS = NO;
				ENABLE_STRICT_OBJC_MSGSEND = YES;
				GCC_C_LANGUAGE_STANDARD = gnu11;
				GCC_NO_COMMON_BLOCKS = YES;
				GCC_WARN_64_TO_32_BIT_CONVERSION = YES;
				GCC_WARN_ABOUT_RETURN_TYPE = YES_ERROR;
				GCC_WARN_UNDECLARED_SELECTOR = YES;
				GCC_WARN_UNINITIALIZED_AUTOS = YES_AGGRESSIVE;
				GCC_WARN_UNUSED_FUNCTION = YES;
				GCC_WARN_UNUSED_VARIABLE = YES;
				IPHONEOS_DEPLOYMENT_TARGET = 11.2;
				MTL_ENABLE_DEBUG_INFO = NO;
				SDKROOT = iphoneos;
				SWIFT_OPTIMIZATION_LEVEL = "-Owholemodule";
				VALIDATE_PRODUCT = YES;
			};
			name = Release;
		};
		F9DBFE41207E1186006A2CF0 /* Debug */ = {
			isa = XCBuildConfiguration;
			buildSettings = {
				ASSETCATALOG_COMPILER_APPICON_NAME = AppIcon;
				CLANG_ENABLE_MODULES = YES;
				CODE_SIGN_STYLE = Automatic;
				DEVELOPMENT_TEAM = VNNCXYWA32;
				INFOPLIST_FILE = PingLatency/Utility/Info.plist;
				LD_RUNPATH_SEARCH_PATHS = "$(inherited) @executable_path/Frameworks";
				PRODUCT_BUNDLE_IDENTIFIER = com.javidSheikh.PingLatency;
				PRODUCT_NAME = "$(TARGET_NAME)";
				SWIFT_OBJC_BRIDGING_HEADER = "PingLatency/Utility/PingLatency-Bridging-Header.h";
				SWIFT_OPTIMIZATION_LEVEL = "-Onone";
				SWIFT_VERSION = 4.0;
				TARGETED_DEVICE_FAMILY = "1,2";
			};
			name = Debug;
		};
		F9DBFE42207E1186006A2CF0 /* Release */ = {
			isa = XCBuildConfiguration;
			buildSettings = {
				ASSETCATALOG_COMPILER_APPICON_NAME = AppIcon;
				CLANG_ENABLE_MODULES = YES;
				CODE_SIGN_STYLE = Automatic;
				DEVELOPMENT_TEAM = VNNCXYWA32;
				INFOPLIST_FILE = PingLatency/Utility/Info.plist;
				LD_RUNPATH_SEARCH_PATHS = "$(inherited) @executable_path/Frameworks";
				PRODUCT_BUNDLE_IDENTIFIER = com.javidSheikh.PingLatency;
				PRODUCT_NAME = "$(TARGET_NAME)";
				SWIFT_OBJC_BRIDGING_HEADER = "PingLatency/Utility/PingLatency-Bridging-Header.h";
				SWIFT_VERSION = 4.0;
				TARGETED_DEVICE_FAMILY = "1,2";
			};
			name = Release;
		};
		F9DBFE64207E1587006A2CF0 /* Debug */ = {
			isa = XCBuildConfiguration;
			buildSettings = {
				BUNDLE_LOADER = "$(TEST_HOST)";
				CODE_SIGN_STYLE = Automatic;
				DEVELOPMENT_TEAM = VNNCXYWA32;
				INFOPLIST_FILE = PingServiceTests/Info.plist;
				LD_RUNPATH_SEARCH_PATHS = "$(inherited) @executable_path/Frameworks @loader_path/Frameworks";
				PRODUCT_BUNDLE_IDENTIFIER = com.javidSheikh.PingServiceTests;
				PRODUCT_NAME = "$(TARGET_NAME)";
				SWIFT_VERSION = 4.0;
				TARGETED_DEVICE_FAMILY = "1,2";
				TEST_HOST = "$(BUILT_PRODUCTS_DIR)/PingLatency.app/PingLatency";
			};
			name = Debug;
		};
		F9DBFE65207E1587006A2CF0 /* Release */ = {
			isa = XCBuildConfiguration;
			buildSettings = {
				BUNDLE_LOADER = "$(TEST_HOST)";
				CODE_SIGN_STYLE = Automatic;
				DEVELOPMENT_TEAM = VNNCXYWA32;
				INFOPLIST_FILE = PingServiceTests/Info.plist;
				LD_RUNPATH_SEARCH_PATHS = "$(inherited) @executable_path/Frameworks @loader_path/Frameworks";
				PRODUCT_BUNDLE_IDENTIFIER = com.javidSheikh.PingServiceTests;
				PRODUCT_NAME = "$(TARGET_NAME)";
				SWIFT_VERSION = 4.0;
				TARGETED_DEVICE_FAMILY = "1,2";
				TEST_HOST = "$(BUILT_PRODUCTS_DIR)/PingLatency.app/PingLatency";
			};
			name = Release;
		};
/* End XCBuildConfiguration section */

/* Begin XCConfigurationList section */
		F9DBFE29207E1186006A2CF0 /* Build configuration list for PBXProject "PingLatency" */ = {
			isa = XCConfigurationList;
			buildConfigurations = (
				F9DBFE3E207E1186006A2CF0 /* Debug */,
				F9DBFE3F207E1186006A2CF0 /* Release */,
			);
			defaultConfigurationIsVisible = 0;
			defaultConfigurationName = Release;
		};
		F9DBFE40207E1186006A2CF0 /* Build configuration list for PBXNativeTarget "PingLatency" */ = {
			isa = XCConfigurationList;
			buildConfigurations = (
				F9DBFE41207E1186006A2CF0 /* Debug */,
				F9DBFE42207E1186006A2CF0 /* Release */,
			);
			defaultConfigurationIsVisible = 0;
			defaultConfigurationName = Release;
		};
		F9DBFE63207E1587006A2CF0 /* Build configuration list for PBXNativeTarget "PingServiceTests" */ = {
			isa = XCConfigurationList;
			buildConfigurations = (
				F9DBFE64207E1587006A2CF0 /* Debug */,
				F9DBFE65207E1587006A2CF0 /* Release */,
			);
			defaultConfigurationIsVisible = 0;
			defaultConfigurationName = Release;
		};
/* End XCConfigurationList section */
	};
	rootObject = F9DBFE26207E1186006A2CF0 /* Project object */;
}
